
Microsoft Visual Studio Solution File, Format Version 12.00
# Visual Studio Version 16
VisualStudioVersion = 16.0.33328.57
MinimumVisualStudioVersion = 10.0.40219.1
Project("{FAE04EC0-301F-11D3-BF4B-00C04F79EFBC}") = "quiz_app", "quiz_app\quiz_app.csproj", "{80A93A47-C653-47EC-B348-BCF416DF6BD5}"
EndProject
Global
	GlobalSection(SolutionConfigurationPlatforms) = preSolution
		Debug|Any CPU = Debug|Any CPU
		Release|Any CPU = Release|Any CPU
	EndGlobalSection
	GlobalSection(ProjectConfigurationPlatforms) = postSolution
		{80A93A47-C653-47EC-B348-BCF416DF6BD5}.Debug|Any CPU.ActiveCfg = Debug|Any CPU
		{80A93A47-C653-47EC-B348-BCF416DF6BD5}.Debug|Any CPU.Build.0 = Debug|Any CPU
		{80A93A47-C653-47EC-B348-BCF416DF6BD5}.Release|Any CPU.ActiveCfg = Release|Any CPU
		{80A93A47-C653-47EC-B348-BCF416DF6BD5}.Release|Any CPU.Build.0 = Release|Any CPU
	EndGlobalSection
	GlobalSection(SolutionProperties) = preSolution
		HideSolutionNode = FALSE
	EndGlobalSection
	GlobalSection(ExtensibilityGlobals) = postSolution
		SolutionGuid = {C983715C-75E8-4F41-A21D-21EAF913916B}
	EndGlobalSection
EndGlobal
