
Microsoft Visual Studio Solution File, Format Version 12.00
# Visual Studio Version 16
VisualStudioVersion = 16.0.33328.57
MinimumVisualStudioVersion = 10.0.40219.1
Project("{FAE04EC0-301F-11D3-BF4B-00C04F79EFBC}") = "Class_Metodlar", "Class_Metodlar\Class_Metodlar.csproj", "{A0897103-2D3A-4614-A8E5-04E0842D4FDD}"
EndProject
Global
	GlobalSection(SolutionConfigurationPlatforms) = preSolution
		Debug|Any CPU = Debug|Any CPU
		Release|Any CPU = Release|Any CPU
	EndGlobalSection
	GlobalSection(ProjectConfigurationPlatforms) = postSolution
		{A0897103-2D3A-4614-A8E5-04E0842D4FDD}.Debug|Any CPU.ActiveCfg = Debug|Any CPU
		{A0897103-2D3A-4614-A8E5-04E0842D4FDD}.Debug|Any CPU.Build.0 = Debug|Any CPU
		{A0897103-2D3A-4614-A8E5-04E0842D4FDD}.Release|Any CPU.ActiveCfg = Release|Any CPU
		{A0897103-2D3A-4614-A8E5-04E0842D4FDD}.Release|Any CPU.Build.0 = Release|Any CPU
	EndGlobalSection
	GlobalSection(SolutionProperties) = preSolution
		HideSolutionNode = FALSE
	EndGlobalSection
	GlobalSection(ExtensibilityGlobals) = postSolution
		SolutionGuid = {D6E79782-F7F7-42F0-A3E2-110BD9D134E5}
	EndGlobalSection
EndGlobal
